// !$*UTF8*$!
{
	archiveVersion = 1;
	classes = {
	};
	objectVersion = 46;
	objects = {

/* Begin PBXBuildFile section */
		11001E28206A2E2700457CBC /* RuleStudyViewController.m in Sources */ = {isa = PBXBuildFile; fileRef = 11001E27206A2E2700457CBC /* RuleStudyViewController.m */; settings = {COMPILER_FLAGS = "-fno-objc-arc"; }; };
		11001E2F206A300D00457CBC /* ARCOwnershipAutoReleaseController.m in Sources */ = {isa = PBXBuildFile; fileRef = 11001E2E206A300D00457CBC /* ARCOwnershipAutoReleaseController.m */; };
		1115737320660DFC00EB426C /* main.m in Sources */ = {isa = PBXBuildFile; fileRef = 1115737220660DFC00EB426C /* main.m */; };
		1115737620660DFC00EB426C /* AppDelegate.m in Sources */ = {isa = PBXBuildFile; fileRef = 1115737520660DFC00EB426C /* AppDelegate.m */; };
		1115737920660DFC00EB426C /* ViewController.m in Sources */ = {isa = PBXBuildFile; fileRef = 1115737820660DFC00EB426C /* ViewController.m */; };
		1115737C20660DFC00EB426C /* Main.storyboard in Resources */ = {isa = PBXBuildFile; fileRef = 1115737A20660DFC00EB426C /* Main.storyboard */; };
		1115737E20660DFC00EB426C /* Assets.xcassets in Resources */ = {isa = PBXBuildFile; fileRef = 1115737D20660DFC00EB426C /* Assets.xcassets */; };
		1115738120660DFC00EB426C /* LaunchScreen.storyboard in Resources */ = {isa = PBXBuildFile; fileRef = 1115737F20660DFC00EB426C /* LaunchScreen.storyboard */; };
		112018F12078B39100C9567A /* BlockSyntaxViewController.m in Sources */ = {isa = PBXBuildFile; fileRef = 112018F02078B39100C9567A /* BlockSyntaxViewController.m */; };
		112018F52078BF3200C9567A /* InterceptedVariableController.m in Sources */ = {isa = PBXBuildFile; fileRef = 112018F42078BF3200C9567A /* InterceptedVariableController.m */; };
		112018F92078C34C00C9567A /* InterceptedObjectsController.m in Sources */ = {isa = PBXBuildFile; fileRef = 112018F82078C34C00C9567A /* InterceptedObjectsController.m */; };
		112018FD2078CEE800C9567A /* BlockAchieveViewController.m in Sources */ = {isa = PBXBuildFile; fileRef = 112018FC2078CEE800C9567A /* BlockAchieveViewController.m */; };
		112019012078F98D00C9567A /* BlockStorageARCController.m in Sources */ = {isa = PBXBuildFile; fileRef = 112019002078F98D00C9567A /* BlockStorageARCController.m */; };
		112019052079112000C9567A /* blockVariableController.m in Sources */ = {isa = PBXBuildFile; fileRef = 112019042079112000C9567A /* blockVariableController.m */; };
		1174AC82207B189A002996C5 /* BlockStorageMRCController.m in Sources */ = {isa = PBXBuildFile; fileRef = 1174AC81207B189A002996C5 /* BlockStorageMRCController.m */; settings = {COMPILER_FLAGS = "-fno-objc-arc"; }; };
		11A2A3B3206F455400B4AFF4 /* Person.m in Sources */ = {isa = PBXBuildFile; fileRef = 11A2A3B2206F455400B4AFF4 /* Person.m */; settings = {COMPILER_FLAGS = "-fno-objc-arc"; }; };
		11A2A3D0207219BB00B4AFF4 /* AutoReleaseMemoryViewController.m in Sources */ = {isa = PBXBuildFile; fileRef = 11A2A3CF207219BB00B4AFF4 /* AutoReleaseMemoryViewController.m */; settings = {COMPILER_FLAGS = "-fno-objc-arc"; }; };
		11A2A3D520721B8A00B4AFF4 /* AutoReleaseMRCViewController.m in Sources */ = {isa = PBXBuildFile; fileRef = 11A2A3D420721B8A00B4AFF4 /* AutoReleaseMRCViewController.m */; settings = {COMPILER_FLAGS = "-fno-objc-arc"; }; };
		11A2A3DE20732B1800B4AFF4 /* AutoReleaseARCViewController.m in Sources */ = {isa = PBXBuildFile; fileRef = 11A2A3DD20732B1800B4AFF4 /* AutoReleaseARCViewController.m */; };
		11A2A3E120732C9100B4AFF4 /* Animal.m in Sources */ = {isa = PBXBuildFile; fileRef = 11A2A3E020732C9100B4AFF4 /* Animal.m */; settings = {COMPILER_FLAGS = "-fno-objc-arc"; }; };
		11A2A3F020735F0200B4AFF4 /* NSObject+Category.m in Sources */ = {isa = PBXBuildFile; fileRef = 11A2A3EF20735F0200B4AFF4 /* NSObject+Category.m */; };
		11A2A3F42074AF1D00B4AFF4 /* ARCOwnershipViewListController.m in Sources */ = {isa = PBXBuildFile; fileRef = 11A2A3F32074AF1D00B4AFF4 /* ARCOwnershipViewListController.m */; };
		11A2A3FC2074B16F00B4AFF4 /* ARCOwnershipAutoStrongController.m in Sources */ = {isa = PBXBuildFile; fileRef = 11A2A3FB2074B16F00B4AFF4 /* ARCOwnershipAutoStrongController.m */; };
		11A2A3FF2074B18100B4AFF4 /* ARCOwnershipAutoWeakController.m in Sources */ = {isa = PBXBuildFile; fileRef = 11A2A3FE2074B18100B4AFF4 /* ARCOwnershipAutoWeakController.m */; };
		11A2A4022074B18E00B4AFF4 /* ARCOwnershipAutoUnRetainedController.m in Sources */ = {isa = PBXBuildFile; fileRef = 11A2A4012074B18E00B4AFF4 /* ARCOwnershipAutoUnRetainedController.m */; };
		11A2A4052074B40D00B4AFF4 /* ReferenceCountViewController.m in Sources */ = {isa = PBXBuildFile; fileRef = 11A2A4042074B40D00B4AFF4 /* ReferenceCountViewController.m */; };
		11A2A4092074D51400B4AFF4 /* AttributesCompareViewController.m in Sources */ = {isa = PBXBuildFile; fileRef = 11A2A4082074D51400B4AFF4 /* AttributesCompareViewController.m */; };
		11B8FD3D20760F48009878D2 /* RunTimeViewListController.m in Sources */ = {isa = PBXBuildFile; fileRef = 11B8FD3C20760F48009878D2 /* RunTimeViewListController.m */; };
		11B8FD422076105F009878D2 /* ISAViewController.m in Sources */ = {isa = PBXBuildFile; fileRef = 11B8FD412076105F009878D2 /* ISAViewController.m */; };
		11B8FD4620761C6F009878D2 /* msgSendViewController.m in Sources */ = {isa = PBXBuildFile; fileRef = 11B8FD4520761C6F009878D2 /* msgSendViewController.m */; };
		11B8FD4920763159009878D2 /* Father.m in Sources */ = {isa = PBXBuildFile; fileRef = 11B8FD4820763159009878D2 /* Father.m */; };
		11B8FD4C2076316B009878D2 /* Son.m in Sources */ = {isa = PBXBuildFile; fileRef = 11B8FD4B2076316B009878D2 /* Son.m */; };
		11B8FD5020765430009878D2 /* MessageForwardingController.m in Sources */ = {isa = PBXBuildFile; fileRef = 11B8FD4F20765430009878D2 /* MessageForwardingController.m */; };
		11FE4A1620771BFD006BD4C5 /* OtherViewController.m in Sources */ = {isa = PBXBuildFile; fileRef = 11FE4A1520771BFD006BD4C5 /* OtherViewController.m */; };
/* End PBXBuildFile section */

/* Begin PBXFileReference section */
		11001E26206A2E2700457CBC /* RuleStudyViewController.h */ = {isa = PBXFileReference; fileEncoding = 4; lastKnownFileType = sourcecode.c.h; path = RuleStudyViewController.h; sourceTree = "<group>"; };
		11001E27206A2E2700457CBC /* RuleStudyViewController.m */ = {isa = PBXFileReference; fileEncoding = 4; lastKnownFileType = sourcecode.c.objc; path = RuleStudyViewController.m; sourceTree = "<group>"; };
		11001E2D206A300D00457CBC /* ARCOwnershipAutoReleaseController.h */ = {isa = PBXFileReference; fileEncoding = 4; lastKnownFileType = sourcecode.c.h; path = ARCOwnershipAutoReleaseController.h; sourceTree = "<group>"; };
		11001E2E206A300D00457CBC /* ARCOwnershipAutoReleaseController.m */ = {isa = PBXFileReference; fileEncoding = 4; lastKnownFileType = sourcecode.c.objc; path = ARCOwnershipAutoReleaseController.m; sourceTree = "<group>"; };
		1115736E20660DFC00EB426C /* 引用计数.app */ = {isa = PBXFileReference; explicitFileType = wrapper.application; includeInIndex = 0; path = "引用计数.app"; sourceTree = BUILT_PRODUCTS_DIR; };
		1115737220660DFC00EB426C /* main.m */ = {isa = PBXFileReference; lastKnownFileType = sourcecode.c.objc; path = main.m; sourceTree = "<group>"; };
		1115737420660DFC00EB426C /* AppDelegate.h */ = {isa = PBXFileReference; lastKnownFileType = sourcecode.c.h; path = AppDelegate.h; sourceTree = "<group>"; };
		1115737520660DFC00EB426C /* AppDelegate.m */ = {isa = PBXFileReference; lastKnownFileType = sourcecode.c.objc; path = AppDelegate.m; sourceTree = "<group>"; };
		1115737720660DFC00EB426C /* ViewController.h */ = {isa = PBXFileReference; lastKnownFileType = sourcecode.c.h; path = ViewController.h; sourceTree = "<group>"; };
		1115737820660DFC00EB426C /* ViewController.m */ = {isa = PBXFileReference; lastKnownFileType = sourcecode.c.objc; path = ViewController.m; sourceTree = "<group>"; };
		1115737B20660DFC00EB426C /* Base */ = {isa = PBXFileReference; lastKnownFileType = file.storyboard; name = Base; path = Base.lproj/Main.storyboard; sourceTree = "<group>"; };
		1115737D20660DFC00EB426C /* Assets.xcassets */ = {isa = PBXFileReference; lastKnownFileType = folder.assetcatalog; path = Assets.xcassets; sourceTree = "<group>"; };
		1115738020660DFC00EB426C /* Base */ = {isa = PBXFileReference; lastKnownFileType = file.storyboard; name = Base; path = Base.lproj/LaunchScreen.storyboard; sourceTree = "<group>"; };
		1115738220660DFC00EB426C /* Info.plist */ = {isa = PBXFileReference; lastKnownFileType = text.plist.xml; path = Info.plist; sourceTree = "<group>"; };
		112018EF2078B39100C9567A /* BlockSyntaxViewController.h */ = {isa = PBXFileReference; lastKnownFileType = sourcecode.c.h; path = BlockSyntaxViewController.h; sourceTree = "<group>"; };
		112018F02078B39100C9567A /* BlockSyntaxViewController.m */ = {isa = PBXFileReference; lastKnownFileType = sourcecode.c.objc; path = BlockSyntaxViewController.m; sourceTree = "<group>"; };
		112018F32078BF3200C9567A /* InterceptedVariableController.h */ = {isa = PBXFileReference; lastKnownFileType = sourcecode.c.h; path = InterceptedVariableController.h; sourceTree = "<group>"; };
		112018F42078BF3200C9567A /* InterceptedVariableController.m */ = {isa = PBXFileReference; lastKnownFileType = sourcecode.c.objc; path = InterceptedVariableController.m; sourceTree = "<group>"; };
		112018F72078C34C00C9567A /* InterceptedObjectsController.h */ = {isa = PBXFileReference; lastKnownFileType = sourcecode.c.h; path = InterceptedObjectsController.h; sourceTree = "<group>"; };
		112018F82078C34C00C9567A /* InterceptedObjectsController.m */ = {isa = PBXFileReference; lastKnownFileType = sourcecode.c.objc; path = InterceptedObjectsController.m; sourceTree = "<group>"; };
		112018FB2078CEE800C9567A /* BlockAchieveViewController.h */ = {isa = PBXFileReference; lastKnownFileType = sourcecode.c.h; path = BlockAchieveViewController.h; sourceTree = "<group>"; };
		112018FC2078CEE800C9567A /* BlockAchieveViewController.m */ = {isa = PBXFileReference; lastKnownFileType = sourcecode.c.objc; path = BlockAchieveViewController.m; sourceTree = "<group>"; };
		112018FF2078F98D00C9567A /* BlockStorageARCController.h */ = {isa = PBXFileReference; lastKnownFileType = sourcecode.c.h; path = BlockStorageARCController.h; sourceTree = "<group>"; };
		112019002078F98D00C9567A /* BlockStorageARCController.m */ = {isa = PBXFileReference; lastKnownFileType = sourcecode.c.objc; path = BlockStorageARCController.m; sourceTree = "<group>"; };
		112019032079112000C9567A /* blockVariableController.h */ = {isa = PBXFileReference; lastKnownFileType = sourcecode.c.h; path = blockVariableController.h; sourceTree = "<group>"; };
		112019042079112000C9567A /* blockVariableController.m */ = {isa = PBXFileReference; lastKnownFileType = sourcecode.c.objc; path = blockVariableController.m; sourceTree = "<group>"; };
		1174AC80207B189A002996C5 /* BlockStorageMRCController.h */ = {isa = PBXFileReference; lastKnownFileType = sourcecode.c.h; path = BlockStorageMRCController.h; sourceTree = "<group>"; };
		1174AC81207B189A002996C5 /* BlockStorageMRCController.m */ = {isa = PBXFileReference; lastKnownFileType = sourcecode.c.objc; path = BlockStorageMRCController.m; sourceTree = "<group>"; };
		11A2A3B1206F455400B4AFF4 /* Person.h */ = {isa = PBXFileReference; lastKnownFileType = sourcecode.c.h; path = Person.h; sourceTree = "<group>"; };
		11A2A3B2206F455400B4AFF4 /* Person.m */ = {isa = PBXFileReference; lastKnownFileType = sourcecode.c.objc; path = Person.m; sourceTree = "<group>"; };
		11A2A3CE207219BB00B4AFF4 /* AutoReleaseMemoryViewController.h */ = {isa = PBXFileReference; lastKnownFileType = sourcecode.c.h; path = AutoReleaseMemoryViewController.h; sourceTree = "<group>"; };
		11A2A3CF207219BB00B4AFF4 /* AutoReleaseMemoryViewController.m */ = {isa = PBXFileReference; lastKnownFileType = sourcecode.c.objc; path = AutoReleaseMemoryViewController.m; sourceTree = "<group>"; };
		11A2A3D320721B8A00B4AFF4 /* AutoReleaseMRCViewController.h */ = {isa = PBXFileReference; lastKnownFileType = sourcecode.c.h; path = AutoReleaseMRCViewController.h; sourceTree = "<group>"; };
		11A2A3D420721B8A00B4AFF4 /* AutoReleaseMRCViewController.m */ = {isa = PBXFileReference; lastKnownFileType = sourcecode.c.objc; path = AutoReleaseMRCViewController.m; sourceTree = "<group>"; };
		11A2A3DC20732B1800B4AFF4 /* AutoReleaseARCViewController.h */ = {isa = PBXFileReference; lastKnownFileType = sourcecode.c.h; path = AutoReleaseARCViewController.h; sourceTree = "<group>"; };
		11A2A3DD20732B1800B4AFF4 /* AutoReleaseARCViewController.m */ = {isa = PBXFileReference; lastKnownFileType = sourcecode.c.objc; path = AutoReleaseARCViewController.m; sourceTree = "<group>"; };
		11A2A3DF20732C9100B4AFF4 /* Animal.h */ = {isa = PBXFileReference; lastKnownFileType = sourcecode.c.h; path = Animal.h; sourceTree = "<group>"; };
		11A2A3E020732C9100B4AFF4 /* Animal.m */ = {isa = PBXFileReference; lastKnownFileType = sourcecode.c.objc; path = Animal.m; sourceTree = "<group>"; };
		11A2A3EE20735F0200B4AFF4 /* NSObject+Category.h */ = {isa = PBXFileReference; lastKnownFileType = sourcecode.c.h; path = "NSObject+Category.h"; sourceTree = "<group>"; };
		11A2A3EF20735F0200B4AFF4 /* NSObject+Category.m */ = {isa = PBXFileReference; lastKnownFileType = sourcecode.c.objc; path = "NSObject+Category.m"; sourceTree = "<group>"; };
		11A2A3F22074AF1D00B4AFF4 /* ARCOwnershipViewListController.h */ = {isa = PBXFileReference; lastKnownFileType = sourcecode.c.h; path = ARCOwnershipViewListController.h; sourceTree = "<group>"; };
		11A2A3F32074AF1D00B4AFF4 /* ARCOwnershipViewListController.m */ = {isa = PBXFileReference; lastKnownFileType = sourcecode.c.objc; path = ARCOwnershipViewListController.m; sourceTree = "<group>"; };
		11A2A3FA2074B16F00B4AFF4 /* ARCOwnershipAutoStrongController.h */ = {isa = PBXFileReference; lastKnownFileType = sourcecode.c.h; path = ARCOwnershipAutoStrongController.h; sourceTree = "<group>"; };
		11A2A3FB2074B16F00B4AFF4 /* ARCOwnershipAutoStrongController.m */ = {isa = PBXFileReference; lastKnownFileType = sourcecode.c.objc; path = ARCOwnershipAutoStrongController.m; sourceTree = "<group>"; };
		11A2A3FD2074B18100B4AFF4 /* ARCOwnershipAutoWeakController.h */ = {isa = PBXFileReference; lastKnownFileType = sourcecode.c.h; path = ARCOwnershipAutoWeakController.h; sourceTree = "<group>"; };
		11A2A3FE2074B18100B4AFF4 /* ARCOwnershipAutoWeakController.m */ = {isa = PBXFileReference; lastKnownFileType = sourcecode.c.objc; path = ARCOwnershipAutoWeakController.m; sourceTree = "<group>"; };
		11A2A4002074B18E00B4AFF4 /* ARCOwnershipAutoUnRetainedController.h */ = {isa = PBXFileReference; lastKnownFileType = sourcecode.c.h; path = ARCOwnershipAutoUnRetainedController.h; sourceTree = "<group>"; };
		11A2A4012074B18E00B4AFF4 /* ARCOwnershipAutoUnRetainedController.m */ = {isa = PBXFileReference; lastKnownFileType = sourcecode.c.objc; path = ARCOwnershipAutoUnRetainedController.m; sourceTree = "<group>"; };
		11A2A4032074B40D00B4AFF4 /* ReferenceCountViewController.h */ = {isa = PBXFileReference; lastKnownFileType = sourcecode.c.h; path = ReferenceCountViewController.h; sourceTree = "<group>"; };
		11A2A4042074B40D00B4AFF4 /* ReferenceCountViewController.m */ = {isa = PBXFileReference; lastKnownFileType = sourcecode.c.objc; path = ReferenceCountViewController.m; sourceTree = "<group>"; };
		11A2A4072074D51400B4AFF4 /* AttributesCompareViewController.h */ = {isa = PBXFileReference; lastKnownFileType = sourcecode.c.h; path = AttributesCompareViewController.h; sourceTree = "<group>"; };
		11A2A4082074D51400B4AFF4 /* AttributesCompareViewController.m */ = {isa = PBXFileReference; lastKnownFileType = sourcecode.c.objc; path = AttributesCompareViewController.m; sourceTree = "<group>"; };
		11B8FD3B20760F48009878D2 /* RunTimeViewListController.h */ = {isa = PBXFileReference; lastKnownFileType = sourcecode.c.h; path = RunTimeViewListController.h; sourceTree = "<group>"; };
		11B8FD3C20760F48009878D2 /* RunTimeViewListController.m */ = {isa = PBXFileReference; lastKnownFileType = sourcecode.c.objc; path = RunTimeViewListController.m; sourceTree = "<group>"; };
		11B8FD402076105F009878D2 /* ISAViewController.h */ = {isa = PBXFileReference; lastKnownFileType = sourcecode.c.h; path = ISAViewController.h; sourceTree = "<group>"; };
		11B8FD412076105F009878D2 /* ISAViewController.m */ = {isa = PBXFileReference; lastKnownFileType = sourcecode.c.objc; path = ISAViewController.m; sourceTree = "<group>"; };
		11B8FD4420761C6F009878D2 /* msgSendViewController.h */ = {isa = PBXFileReference; lastKnownFileType = sourcecode.c.h; path = msgSendViewController.h; sourceTree = "<group>"; };
		11B8FD4520761C6F009878D2 /* msgSendViewController.m */ = {isa = PBXFileReference; lastKnownFileType = sourcecode.c.objc; path = msgSendViewController.m; sourceTree = "<group>"; };
		11B8FD4720763159009878D2 /* Father.h */ = {isa = PBXFileReference; lastKnownFileType = sourcecode.c.h; path = Father.h; sourceTree = "<group>"; };
		11B8FD4820763159009878D2 /* Father.m */ = {isa = PBXFileReference; lastKnownFileType = sourcecode.c.objc; path = Father.m; sourceTree = "<group>"; };
		11B8FD4A2076316B009878D2 /* Son.h */ = {isa = PBXFileReference; lastKnownFileType = sourcecode.c.h; path = Son.h; sourceTree = "<group>"; };
		11B8FD4B2076316B009878D2 /* Son.m */ = {isa = PBXFileReference; lastKnownFileType = sourcecode.c.objc; path = Son.m; sourceTree = "<group>"; };
		11B8FD4E20765430009878D2 /* MessageForwardingController.h */ = {isa = PBXFileReference; lastKnownFileType = sourcecode.c.h; path = MessageForwardingController.h; sourceTree = "<group>"; };
		11B8FD4F20765430009878D2 /* MessageForwardingController.m */ = {isa = PBXFileReference; lastKnownFileType = sourcecode.c.objc; path = MessageForwardingController.m; sourceTree = "<group>"; };
		11FE4A1420771BFD006BD4C5 /* OtherViewController.h */ = {isa = PBXFileReference; lastKnownFileType = sourcecode.c.h; path = OtherViewController.h; sourceTree = "<group>"; };
		11FE4A1520771BFD006BD4C5 /* OtherViewController.m */ = {isa = PBXFileReference; lastKnownFileType = sourcecode.c.objc; path = OtherViewController.m; sourceTree = "<group>"; };
/* End PBXFileReference section */

/* Begin PBXFrameworksBuildPhase section */
		1115736B20660DFC00EB426C /* Frameworks */ = {
			isa = PBXFrameworksBuildPhase;
			buildActionMask = 2147483647;
			files = (
			);
			runOnlyForDeploymentPostprocessing = 0;
		};
/* End PBXFrameworksBuildPhase section */

/* Begin PBXGroup section */
		11001E29206A2E2E00457CBC /* 内存管理规则研究 */ = {
			isa = PBXGroup;
			children = (
				11001E26206A2E2700457CBC /* RuleStudyViewController.h */,
				11001E27206A2E2700457CBC /* RuleStudyViewController.m */,
			);
			name = "内存管理规则研究";
			sourceTree = "<group>";
		};
		11001E2A206A2E4500457CBC /* AppDelegate */ = {
			isa = PBXGroup;
			children = (
				1115737420660DFC00EB426C /* AppDelegate.h */,
				1115737520660DFC00EB426C /* AppDelegate.m */,
			);
			name = AppDelegate;
			sourceTree = "<group>";
		};
		11001E2B206A2E5200457CBC /* Main */ = {
			isa = PBXGroup;
			children = (
				1115737720660DFC00EB426C /* ViewController.h */,
				1115737820660DFC00EB426C /* ViewController.m */,
			);
			name = Main;
			sourceTree = "<group>";
		};
		11001E2C206A2F0600457CBC /* ARC所有权修饰符研究 */ = {
			isa = PBXGroup;
			children = (
				11A2A3F52074AF2400B4AFF4 /* 所有权修饰符列表 */,
				11A2A3F62074AF3300B4AFF4 /* strong */,
				11A2A3F72074AF3A00B4AFF4 /* weak */,
				11A2A3F92074AF6500B4AFF4 /* unsafe_unretained */,
				11A2A3F82074AF4000B4AFF4 /* autoreleasing */,
			);
			name = "ARC所有权修饰符研究";
			sourceTree = "<group>";
		};
		11001E30206A33B200457CBC /* 引用计数 */ = {
			isa = PBXGroup;
			children = (
				11001E29206A2E2E00457CBC /* 内存管理规则研究 */,
				11A2A3CD2072173F00B4AFF4 /* 自动释放池探究 */,
				11001E2C206A2F0600457CBC /* ARC所有权修饰符研究 */,
				11A2A3F12074AC0000B4AFF4 /* 引用计数数值例题 */,
				11A2A4062074D4CE00B4AFF4 /* 关键字比较 */,
			);
			name = "引用计数";
			sourceTree = "<group>";
		};
		110968DB2075C77700A35EF2 /* Block知识 */ = {
			isa = PBXGroup;
			children = (
				112018EE2078B04900C9567A /* Block语法 */,
				112018F22078BF1600C9567A /* 截取变量 */,
				112018F62078C33400C9567A /* 截获对象 */,
				112018FA2078CBE200C9567A /* Block内部实现 */,
				112018FE2078F92900C9567A /* Block存储区域 */,
				112019022079109500C9567A /* block变量存储区域 */,
			);
			name = "Block知识";
			sourceTree = "<group>";
		};
		1115736520660DFC00EB426C = {
			isa = PBXGroup;
			children = (
				11FE4A1420771BFD006BD4C5 /* OtherViewController.h */,
				11FE4A1520771BFD006BD4C5 /* OtherViewController.m */,
				1115737020660DFC00EB426C /* 引用计数 */,
			);
			sourceTree = "<group>";
		};
		1115736F20660DFC00EB426C /* Products */ = {
			isa = PBXGroup;
			children = (
				1115736E20660DFC00EB426C /* 引用计数.app */,
			);
			name = Products;
			path = ..;
			sourceTree = "<group>";
		};
		1115737020660DFC00EB426C /* 引用计数 */ = {
			isa = PBXGroup;
			children = (
				11001E2A206A2E4500457CBC /* AppDelegate */,
				11001E2B206A2E5200457CBC /* Main */,
				11001E30206A33B200457CBC /* 引用计数 */,
				110968DB2075C77700A35EF2 /* Block知识 */,
				11B8FD3A20760F11009878D2 /* 运行时知识补充 */,
				1115737120660DFC00EB426C /* Supporting Files */,
			);
			path = "引用计数";
			sourceTree = "<group>";
		};
		1115737120660DFC00EB426C /* Supporting Files */ = {
			isa = PBXGroup;
			children = (
				11B8FD3E2076103E009878D2 /* 备用列表控制器 */,
				1115737A20660DFC00EB426C /* Main.storyboard */,
				1115737D20660DFC00EB426C /* Assets.xcassets */,
				1115737F20660DFC00EB426C /* LaunchScreen.storyboard */,
				1115738220660DFC00EB426C /* Info.plist */,
				1115737220660DFC00EB426C /* main.m */,
				1115736F20660DFC00EB426C /* Products */,
			);
			name = "Supporting Files";
			sourceTree = "<group>";
		};
		112018EE2078B04900C9567A /* Block语法 */ = {
			isa = PBXGroup;
			children = (
				112018EF2078B39100C9567A /* BlockSyntaxViewController.h */,
				112018F02078B39100C9567A /* BlockSyntaxViewController.m */,
			);
			name = "Block语法";
			sourceTree = "<group>";
		};
		112018F22078BF1600C9567A /* 截取变量 */ = {
			isa = PBXGroup;
			children = (
				112018F32078BF3200C9567A /* InterceptedVariableController.h */,
				112018F42078BF3200C9567A /* InterceptedVariableController.m */,
			);
			name = "截取变量";
			sourceTree = "<group>";
		};
		112018F62078C33400C9567A /* 截获对象 */ = {
			isa = PBXGroup;
			children = (
				112018F72078C34C00C9567A /* InterceptedObjectsController.h */,
				112018F82078C34C00C9567A /* InterceptedObjectsController.m */,
			);
			name = "截获对象";
			sourceTree = "<group>";
		};
		112018FA2078CBE200C9567A /* Block内部实现 */ = {
			isa = PBXGroup;
			children = (
				112018FB2078CEE800C9567A /* BlockAchieveViewController.h */,
				112018FC2078CEE800C9567A /* BlockAchieveViewController.m */,
			);
			name = "Block内部实现";
			sourceTree = "<group>";
		};
		112018FE2078F92900C9567A /* Block存储区域 */ = {
			isa = PBXGroup;
			children = (
				1174AC7F207B1887002996C5 /* MRC */,
				1174AC7E207B1880002996C5 /* ARC */,
			);
			name = "Block存储区域";
			sourceTree = "<group>";
		};
		112019022079109500C9567A /* block变量存储区域 */ = {
			isa = PBXGroup;
			children = (
				112019032079112000C9567A /* blockVariableController.h */,
				112019042079112000C9567A /* blockVariableController.m */,
			);
			name = "block变量存储区域";
			sourceTree = "<group>";
		};
		1174AC7E207B1880002996C5 /* ARC */ = {
			isa = PBXGroup;
			children = (
				112018FF2078F98D00C9567A /* BlockStorageARCController.h */,
				112019002078F98D00C9567A /* BlockStorageARCController.m */,
			);
			name = ARC;
			sourceTree = "<group>";
		};
		1174AC7F207B1887002996C5 /* MRC */ = {
			isa = PBXGroup;
			children = (
				1174AC80207B189A002996C5 /* BlockStorageMRCController.h */,
				1174AC81207B189A002996C5 /* BlockStorageMRCController.m */,
			);
			name = MRC;
			sourceTree = "<group>";
		};
		11A2A3CD2072173F00B4AFF4 /* 自动释放池探究 */ = {
			isa = PBXGroup;
			children = (
				11A2A3D1207219F900B4AFF4 /* 自动释放池内存 */,
				11A2A3D220721A0D00B4AFF4 /* MRC研究autorelease */,
				11A2A3DB20732A5800B4AFF4 /* ARC下研究autorelease */,
			);
			name = "自动释放池探究";
			sourceTree = "<group>";
		};
		11A2A3D1207219F900B4AFF4 /* 自动释放池内存 */ = {
			isa = PBXGroup;
			children = (
				11A2A3CE207219BB00B4AFF4 /* AutoReleaseMemoryViewController.h */,
				11A2A3CF207219BB00B4AFF4 /* AutoReleaseMemoryViewController.m */,
			);
			name = "自动释放池内存";
			sourceTree = "<group>";
		};
		11A2A3D220721A0D00B4AFF4 /* MRC研究autorelease */ = {
			isa = PBXGroup;
			children = (
				11A2A3B1206F455400B4AFF4 /* Person.h */,
				11A2A3B2206F455400B4AFF4 /* Person.m */,
				11A2A3DF20732C9100B4AFF4 /* Animal.h */,
				11A2A3E020732C9100B4AFF4 /* Animal.m */,
				11A2A3D320721B8A00B4AFF4 /* AutoReleaseMRCViewController.h */,
				11A2A3D420721B8A00B4AFF4 /* AutoReleaseMRCViewController.m */,
			);
			name = "MRC研究autorelease";
			sourceTree = "<group>";
		};
		11A2A3DB20732A5800B4AFF4 /* ARC下研究autorelease */ = {
			isa = PBXGroup;
			children = (
				11A2A3EE20735F0200B4AFF4 /* NSObject+Category.h */,
				11A2A3EF20735F0200B4AFF4 /* NSObject+Category.m */,
				11A2A3DC20732B1800B4AFF4 /* AutoReleaseARCViewController.h */,
				11A2A3DD20732B1800B4AFF4 /* AutoReleaseARCViewController.m */,
			);
			name = "ARC下研究autorelease";
			sourceTree = "<group>";
		};
		11A2A3F12074AC0000B4AFF4 /* 引用计数数值例题 */ = {
			isa = PBXGroup;
			children = (
				11A2A4032074B40D00B4AFF4 /* ReferenceCountViewController.h */,
				11A2A4042074B40D00B4AFF4 /* ReferenceCountViewController.m */,
			);
			name = "引用计数数值例题";
			sourceTree = "<group>";
		};
		11A2A3F52074AF2400B4AFF4 /* 所有权修饰符列表 */ = {
			isa = PBXGroup;
			children = (
				11A2A3F22074AF1D00B4AFF4 /* ARCOwnershipViewListController.h */,
				11A2A3F32074AF1D00B4AFF4 /* ARCOwnershipViewListController.m */,
			);
			name = "所有权修饰符列表";
			sourceTree = "<group>";
		};
		11A2A3F62074AF3300B4AFF4 /* strong */ = {
			isa = PBXGroup;
			children = (
				11A2A3FA2074B16F00B4AFF4 /* ARCOwnershipAutoStrongController.h */,
				11A2A3FB2074B16F00B4AFF4 /* ARCOwnershipAutoStrongController.m */,
			);
			name = strong;
			sourceTree = "<group>";
		};
		11A2A3F72074AF3A00B4AFF4 /* weak */ = {
			isa = PBXGroup;
			children = (
				11A2A3FD2074B18100B4AFF4 /* ARCOwnershipAutoWeakController.h */,
				11A2A3FE2074B18100B4AFF4 /* ARCOwnershipAutoWeakController.m */,
			);
			name = weak;
			sourceTree = "<group>";
		};
		11A2A3F82074AF4000B4AFF4 /* autoreleasing */ = {
			isa = PBXGroup;
			children = (
				11001E2D206A300D00457CBC /* ARCOwnershipAutoReleaseController.h */,
				11001E2E206A300D00457CBC /* ARCOwnershipAutoReleaseController.m */,
			);
			name = autoreleasing;
			sourceTree = "<group>";
		};
		11A2A3F92074AF6500B4AFF4 /* unsafe_unretained */ = {
			isa = PBXGroup;
			children = (
				11A2A4002074B18E00B4AFF4 /* ARCOwnershipAutoUnRetainedController.h */,
				11A2A4012074B18E00B4AFF4 /* ARCOwnershipAutoUnRetainedController.m */,
			);
			name = unsafe_unretained;
			sourceTree = "<group>";
		};
		11A2A4062074D4CE00B4AFF4 /* 关键字比较 */ = {
			isa = PBXGroup;
			children = (
				11A2A4072074D51400B4AFF4 /* AttributesCompareViewController.h */,
				11A2A4082074D51400B4AFF4 /* AttributesCompareViewController.m */,
			);
			name = "关键字比较";
			sourceTree = "<group>";
		};
		11B8FD3A20760F11009878D2 /* 运行时知识补充 */ = {
			isa = PBXGroup;
			children = (
				11B8FD3F2076104C009878D2 /* isa指针解析 */,
				11B8FD4320761C51009878D2 /* objc_msgSend解析 */,
				11B8FD4D20765396009878D2 /* 消息转发 */,
			);
			name = "运行时知识补充";
			sourceTree = "<group>";
		};
		11B8FD3E2076103E009878D2 /* 备用列表控制器 */ = {
			isa = PBXGroup;
			children = (
				11B8FD3B20760F48009878D2 /* RunTimeViewListController.h */,
				11B8FD3C20760F48009878D2 /* RunTimeViewListController.m */,
			);
			name = "备用列表控制器";
			sourceTree = "<group>";
		};
		11B8FD3F2076104C009878D2 /* isa指针解析 */ = {
			isa = PBXGroup;
			children = (
				11B8FD402076105F009878D2 /* ISAViewController.h */,
				11B8FD412076105F009878D2 /* ISAViewController.m */,
			);
			name = "isa指针解析";
			sourceTree = "<group>";
		};
		11B8FD4320761C51009878D2 /* objc_msgSend解析 */ = {
			isa = PBXGroup;
			children = (
				11B8FD4720763159009878D2 /* Father.h */,
				11B8FD4820763159009878D2 /* Father.m */,
				11B8FD4A2076316B009878D2 /* Son.h */,
				11B8FD4B2076316B009878D2 /* Son.m */,
				11B8FD4420761C6F009878D2 /* msgSendViewController.h */,
				11B8FD4520761C6F009878D2 /* msgSendViewController.m */,
			);
			name = "objc_msgSend解析";
			sourceTree = "<group>";
		};
		11B8FD4D20765396009878D2 /* 消息转发 */ = {
			isa = PBXGroup;
			children = (
				11B8FD4E20765430009878D2 /* MessageForwardingController.h */,
				11B8FD4F20765430009878D2 /* MessageForwardingController.m */,
			);
			name = "消息转发";
			sourceTree = "<group>";
		};
/* End PBXGroup section */

/* Begin PBXNativeTarget section */
		1115736D20660DFC00EB426C /* 引用计数 */ = {
			isa = PBXNativeTarget;
			buildConfigurationList = 1115738520660DFC00EB426C /* Build configuration list for PBXNativeTarget "引用计数" */;
			buildPhases = (
				1115736A20660DFC00EB426C /* Sources */,
				1115736B20660DFC00EB426C /* Frameworks */,
				1115736C20660DFC00EB426C /* Resources */,
			);
			buildRules = (
			);
			dependencies = (
			);
			name = "引用计数";
			productName = "引用计数";
			productReference = 1115736E20660DFC00EB426C /* 引用计数.app */;
			productType = "com.apple.product-type.application";
		};
/* End PBXNativeTarget section */

/* Begin PBXProject section */
		1115736620660DFC00EB426C /* Project object */ = {
			isa = PBXProject;
			attributes = {
				LastUpgradeCheck = 0820;
				ORGANIZATIONNAME = "杨世川";
				TargetAttributes = {
					1115736D20660DFC00EB426C = {
						CreatedOnToolsVersion = 8.2.1;
						DevelopmentTeam = 59PVTAC458;
						ProvisioningStyle = Automatic;
					};
				};
			};
			buildConfigurationList = 1115736920660DFC00EB426C /* Build configuration list for PBXProject "引用计数" */;
			compatibilityVersion = "Xcode 3.2";
			developmentRegion = English;
			hasScannedForEncodings = 0;
			knownRegions = (
				en,
				Base,
			);
			mainGroup = 1115736520660DFC00EB426C;
			productRefGroup = 1115736F20660DFC00EB426C /* Products */;
			projectDirPath = "";
			projectRoot = "";
			targets = (
				1115736D20660DFC00EB426C /* 引用计数 */,
			);
		};
/* End PBXProject section */

/* Begin PBXResourcesBuildPhase section */
		1115736C20660DFC00EB426C /* Resources */ = {
			isa = PBXResourcesBuildPhase;
			buildActionMask = 2147483647;
			files = (
				1115738120660DFC00EB426C /* LaunchScreen.storyboard in Resources */,
				1115737E20660DFC00EB426C /* Assets.xcassets in Resources */,
				1115737C20660DFC00EB426C /* Main.storyboard in Resources */,
			);
			runOnlyForDeploymentPostprocessing = 0;
		};
/* End PBXResourcesBuildPhase section */

/* Begin PBXSourcesBuildPhase section */
		1115736A20660DFC00EB426C /* Sources */ = {
			isa = PBXSourcesBuildPhase;
			buildActionMask = 2147483647;
			files = (
				112019012078F98D00C9567A /* BlockStorageARCController.m in Sources */,
				11B8FD4C2076316B009878D2 /* Son.m in Sources */,
				11A2A4052074B40D00B4AFF4 /* ReferenceCountViewController.m in Sources */,
				11001E28206A2E2700457CBC /* RuleStudyViewController.m in Sources */,
				112018F52078BF3200C9567A /* InterceptedVariableController.m in Sources */,
				11A2A3D520721B8A00B4AFF4 /* AutoReleaseMRCViewController.m in Sources */,
				11A2A3FC2074B16F00B4AFF4 /* ARCOwnershipAutoStrongController.m in Sources */,
				112018FD2078CEE800C9567A /* BlockAchieveViewController.m in Sources */,
				11A2A4022074B18E00B4AFF4 /* ARCOwnershipAutoUnRetainedController.m in Sources */,
				1174AC82207B189A002996C5 /* BlockStorageMRCController.m in Sources */,
				1115737920660DFC00EB426C /* ViewController.m in Sources */,
				11B8FD4620761C6F009878D2 /* msgSendViewController.m in Sources */,
				11A2A4092074D51400B4AFF4 /* AttributesCompareViewController.m in Sources */,
				11FE4A1620771BFD006BD4C5 /* OtherViewController.m in Sources */,
				11A2A3B3206F455400B4AFF4 /* Person.m in Sources */,
				11B8FD5020765430009878D2 /* MessageForwardingController.m in Sources */,
				112018F12078B39100C9567A /* BlockSyntaxViewController.m in Sources */,
				11A2A3D0207219BB00B4AFF4 /* AutoReleaseMemoryViewController.m in Sources */,
				1115737620660DFC00EB426C /* AppDelegate.m in Sources */,
				11001E2F206A300D00457CBC /* ARCOwnershipAutoReleaseController.m in Sources */,
				112019052079112000C9567A /* blockVariableController.m in Sources */,
				11B8FD422076105F009878D2 /* ISAViewController.m in Sources */,
				11B8FD4920763159009878D2 /* Father.m in Sources */,
				112018F92078C34C00C9567A /* InterceptedObjectsController.m in Sources */,
				11B8FD3D20760F48009878D2 /* RunTimeViewListController.m in Sources */,
				11A2A3FF2074B18100B4AFF4 /* ARCOwnershipAutoWeakController.m in Sources */,
				1115737320660DFC00EB426C /* main.m in Sources */,
				11A2A3E120732C9100B4AFF4 /* Animal.m in Sources */,
				11A2A3F020735F0200B4AFF4 /* NSObject+Category.m in Sources */,
				11A2A3F42074AF1D00B4AFF4 /* ARCOwnershipViewListController.m in Sources */,
				11A2A3DE20732B1800B4AFF4 /* AutoReleaseARCViewController.m in Sources */,
			);
			runOnlyForDeploymentPostprocessing = 0;
		};
/* End PBXSourcesBuildPhase section */

/* Begin PBXVariantGroup section */
		1115737A20660DFC00EB426C /* Main.storyboard */ = {
			isa = PBXVariantGroup;
			children = (
				1115737B20660DFC00EB426C /* Base */,
			);
			name = Main.storyboard;
			sourceTree = "<group>";
		};
		1115737F20660DFC00EB426C /* LaunchScreen.storyboard */ = {
			isa = PBXVariantGroup;
			children = (
				1115738020660DFC00EB426C /* Base */,
			);
			name = LaunchScreen.storyboard;
			sourceTree = "<group>";
		};
/* End PBXVariantGroup section */

/* Begin XCBuildConfiguration section */
		1115738320660DFC00EB426C /* Debug */ = {
			isa = XCBuildConfiguration;
			buildSettings = {
				ALWAYS_SEARCH_USER_PATHS = NO;
				CLANG_ANALYZER_NONNULL = YES;
				CLANG_CXX_LANGUAGE_STANDARD = "gnu++0x";
				CLANG_CXX_LIBRARY = "libc++";
				CLANG_ENABLE_MODULES = YES;
				CLANG_ENABLE_OBJC_ARC = YES;
				CLANG_WARN_BOOL_CONVERSION = YES;
				CLANG_WARN_CONSTANT_CONVERSION = YES;
				CLANG_WARN_DIRECT_OBJC_ISA_USAGE = YES_ERROR;
				CLANG_WARN_DOCUMENTATION_COMMENTS = YES;
				CLANG_WARN_EMPTY_BODY = YES;
				CLANG_WARN_ENUM_CONVERSION = YES;
				CLANG_WARN_INFINITE_RECURSION = YES;
				CLANG_WARN_INT_CONVERSION = YES;
				CLANG_WARN_OBJC_ROOT_CLASS = YES_ERROR;
				CLANG_WARN_SUSPICIOUS_MOVE = YES;
				CLANG_WARN_UNREACHABLE_CODE = YES;
				CLANG_WARN__DUPLICATE_METHOD_MATCH = YES;
				"CODE_SIGN_IDENTITY[sdk=iphoneos*]" = "iPhone Developer";
				COPY_PHASE_STRIP = NO;
				DEBUG_INFORMATION_FORMAT = dwarf;
				ENABLE_STRICT_OBJC_MSGSEND = YES;
				ENABLE_TESTABILITY = YES;
				GCC_C_LANGUAGE_STANDARD = gnu99;
				GCC_DYNAMIC_NO_PIC = NO;
				GCC_NO_COMMON_BLOCKS = YES;
				GCC_OPTIMIZATION_LEVEL = 0;
				GCC_PREPROCESSOR_DEFINITIONS = (
					"DEBUG=1",
					"$(inherited)",
				);
				GCC_WARN_64_TO_32_BIT_CONVERSION = YES;
				GCC_WARN_ABOUT_RETURN_TYPE = YES_ERROR;
				GCC_WARN_UNDECLARED_SELECTOR = YES;
				GCC_WARN_UNINITIALIZED_AUTOS = YES_AGGRESSIVE;
				GCC_WARN_UNUSED_FUNCTION = YES;
				GCC_WARN_UNUSED_VARIABLE = YES;
				IPHONEOS_DEPLOYMENT_TARGET = 10.2;
				MTL_ENABLE_DEBUG_INFO = YES;
				ONLY_ACTIVE_ARCH = YES;
				SDKROOT = iphoneos;
			};
			name = Debug;
		};
		1115738420660DFC00EB426C /* Release */ = {
			isa = XCBuildConfiguration;
			buildSettings = {
				ALWAYS_SEARCH_USER_PATHS = NO;
				CLANG_ANALYZER_NONNULL = YES;
				CLANG_CXX_LANGUAGE_STANDARD = "gnu++0x";
				CLANG_CXX_LIBRARY = "libc++";
				CLANG_ENABLE_MODULES = YES;
				CLANG_ENABLE_OBJC_ARC = YES;
				CLANG_WARN_BOOL_CONVERSION = YES;
				CLANG_WARN_CONSTANT_CONVERSION = YES;
				CLANG_WARN_DIRECT_OBJC_ISA_USAGE = YES_ERROR;
				CLANG_WARN_DOCUMENTATION_COMMENTS = YES;
				CLANG_WARN_EMPTY_BODY = YES;
				CLANG_WARN_ENUM_CONVERSION = YES;
				CLANG_WARN_INFINITE_RECURSION = YES;
				CLANG_WARN_INT_CONVERSION = YES;
				CLANG_WARN_OBJC_ROOT_CLASS = YES_ERROR;
				CLANG_WARN_SUSPICIOUS_MOVE = YES;
				CLANG_WARN_UNREACHABLE_CODE = YES;
				CLANG_WARN__DUPLICATE_METHOD_MATCH = YES;
				"CODE_SIGN_IDENTITY[sdk=iphoneos*]" = "iPhone Developer";
				COPY_PHASE_STRIP = NO;
				DEBUG_INFORMATION_FORMAT = "dwarf-with-dsym";
				ENABLE_NS_ASSERTIONS = NO;
				ENABLE_STRICT_OBJC_MSGSEND = YES;
				GCC_C_LANGUAGE_STANDARD = gnu99;
				GCC_NO_COMMON_BLOCKS = YES;
				GCC_WARN_64_TO_32_BIT_CONVERSION = YES;
				GCC_WARN_ABOUT_RETURN_TYPE = YES_ERROR;
				GCC_WARN_UNDECLARED_SELECTOR = YES;
				GCC_WARN_UNINITIALIZED_AUTOS = YES_AGGRESSIVE;
				GCC_WARN_UNUSED_FUNCTION = YES;
				GCC_WARN_UNUSED_VARIABLE = YES;
				IPHONEOS_DEPLOYMENT_TARGET = 10.2;
				MTL_ENABLE_DEBUG_INFO = NO;
				SDKROOT = iphoneos;
				VALIDATE_PRODUCT = YES;
			};
			name = Release;
		};
		1115738620660DFC00EB426C /* Debug */ = {
			isa = XCBuildConfiguration;
			buildSettings = {
				ASSETCATALOG_COMPILER_APPICON_NAME = AppIcon;
				CLANG_ENABLE_OBJC_ARC = YES;
				DEVELOPMENT_TEAM = 59PVTAC458;
				INFOPLIST_FILE = "引用计数/Info.plist";
				IPHONEOS_DEPLOYMENT_TARGET = 9.0;
				LD_RUNPATH_SEARCH_PATHS = "$(inherited) @executable_path/Frameworks";
				PRODUCT_BUNDLE_IDENTIFIER = com.yangshichuan.aishangxian;
				PRODUCT_NAME = "$(TARGET_NAME)";
			};
			name = Debug;
		};
		1115738720660DFC00EB426C /* Release */ = {
			isa = XCBuildConfiguration;
			buildSettings = {
				ASSETCATALOG_COMPILER_APPICON_NAME = AppIcon;
				CLANG_ENABLE_OBJC_ARC = YES;
				DEVELOPMENT_TEAM = 59PVTAC458;
				INFOPLIST_FILE = "引用计数/Info.plist";
				IPHONEOS_DEPLOYMENT_TARGET = 9.0;
				LD_RUNPATH_SEARCH_PATHS = "$(inherited) @executable_path/Frameworks";
				PRODUCT_BUNDLE_IDENTIFIER = com.yangshichuan.aishangxian;
				PRODUCT_NAME = "$(TARGET_NAME)";
			};
			name = Release;
		};
/* End XCBuildConfiguration section */

/* Begin XCConfigurationList section */
		1115736920660DFC00EB426C /* Build configuration list for PBXProject "引用计数" */ = {
			isa = XCConfigurationList;
			buildConfigurations = (
				1115738320660DFC00EB426C /* Debug */,
				1115738420660DFC00EB426C /* Release */,
			);
			defaultConfigurationIsVisible = 0;
			defaultConfigurationName = Release;
		};
		1115738520660DFC00EB426C /* Build configuration list for PBXNativeTarget "引用计数" */ = {
			isa = XCConfigurationList;
			buildConfigurations = (
				1115738620660DFC00EB426C /* Debug */,
				1115738720660DFC00EB426C /* Release */,
			);
			defaultConfigurationIsVisible = 0;
			defaultConfigurationName = Release;
		};
/* End XCConfigurationList section */
	};
	rootObject = 1115736620660DFC00EB426C /* Project object */;
}
